{
  "name": "html-ai",
  "version": "1.0.0",
  "lockfileVersion": 1,
  "requires": true,
  "dependencies": {
    "@types/base64-js": {
      "version": "1.3.0",
      "resolved": "https://registry.npmjs.org/@types/base64-js/-/base64-js-1.3.0.tgz",
      "integrity": "sha512-ZmI0sZGAUNXUfMWboWwi4LcfpoVUYldyN6Oe0oJ5cCsHDU/LlRq8nQKPXhYLOx36QYSW9bNIb1vvRrD6K7Llgw=="
    },
    "ag-psd": {
      "version": "11.1.2",
      "resolved": "https://registry.npmjs.org/ag-psd/-/ag-psd-11.1.2.tgz",
      "integrity": "sha512-tilV8cV++Q/MooD7a0aYl/oAi5TaL8L3dKIpcjntx6TbSN8ssEc9rHKsHOCwQxSDMuCO48gfDlcG3GlcIyM3Zw==",
      "requires": {
        "@types/base64-js": "^1.3.0",
        "base64-js": "^1.3.1",
        "mkdir": "0.0.2",
        "parse-engine-data": "^0.1.2"
      }
    },
    "base64-js": {
      "version": "1.3.1",
      "resolved": "https://registry.npmjs.org/base64-js/-/base64-js-1.3.1.tgz",
      "integrity": "sha512-mLQ4i2QO1ytvGWFWmcngKO//JXAQueZvwEKtjgQFM4jIK0kU+ytMfplL8j+n5mspOfjHwoAg+9yhb7BwAHm36g=="
    },
    "iconv-lite": {
      "version": "0.4.24",
      "resolved": "https://registry.npmjs.org/iconv-lite/-/iconv-lite-0.4.24.tgz",
      "integrity": "sha512-v3MXnZAcvnywkTUEZomIActle7RXXeedOR31wwl7VlyoXO4Qi9arvSenNQWne1TcRwhCL1HwLI21bEqdpj8/rA==",
      "requires": {
        "safer-buffer": ">= 2.1.2 < 3"
      }
    },
    "mkdir": {
      "version": "0.0.2",
      "resolved": "https://registry.npmjs.org/mkdir/-/mkdir-0.0.2.tgz",
      "integrity": "sha1-O52npOWxMATrxjZYGxYOHgR3aFE="
    },
    "parse-engine-data": {
      "version": "0.1.2",
      "resolved": "https://registry.npmjs.org/parse-engine-data/-/parse-engine-data-0.1.2.tgz",
      "integrity": "sha1-UWH2EzyYiPUhVezO1CcWV13+oFI=",
      "requires": {
        "iconv-lite": "^0.4.4"
      }
    },
    "safer-buffer": {
      "version": "2.1.2",
      "resolved": "https://registry.npmjs.org/safer-buffer/-/safer-buffer-2.1.2.tgz",
      "integrity": "sha512-YZo3K82SD7Riyi0E1EQPojLz7kpepnSQI9IyPbHHg1XXXevb5dJI7tpyN2ADxGcQbHG7vcyRHk0cbwqcQriUtg=="
    }
  }
}
